
Microsoft Visual Studio Solution File, Format Version 12.00
# Visual Studio Version 16
VisualStudioVersion = 16.0.31410.357
MinimumVisualStudioVersion = 10.0.40219.1
Project("{9A19103F-16F7-4668-BE54-9A1E7A4F7556}") = "GhostIrisWebApp", "GhostIrisWebApp.csproj", "{53ABBC9A-8C65-42F4-98E5-B06493BB781C}"
EndProject
Global
	GlobalSection(SolutionConfigurationPlatforms) = preSolution
		Debug|Any CPU = Debug|Any CPU
		Release|Any CPU = Release|Any CPU
	EndGlobalSection
	GlobalSection(ProjectConfigurationPlatforms) = postSolution
		{53ABBC9A-8C65-42F4-98E5-B06493BB781C}.Debug|Any CPU.ActiveCfg = Debug|Any CPU
		{53ABBC9A-8C65-42F4-98E5-B06493BB781C}.Debug|Any CPU.Build.0 = Debug|Any CPU
		{53ABBC9A-8C65-42F4-98E5-B06493BB781C}.Release|Any CPU.ActiveCfg = Release|Any CPU
		{53ABBC9A-8C65-42F4-98E5-B06493BB781C}.Release|Any CPU.Build.0 = Release|Any CPU
	EndGlobalSection
	GlobalSection(SolutionProperties) = preSolution
		HideSolutionNode = FALSE
	EndGlobalSection
	GlobalSection(ExtensibilityGlobals) = postSolution
		SolutionGuid = {70417258-0ABD-48F2-BA00-D51C4792ACBC}
	EndGlobalSection
EndGlobal
